// !$*UTF8*$!
{
	archiveVersion = 1;
	classes = {
	};
	objectVersion = 55;
	objects = {

/* Begin PBXBuildFile section */
		F6FE0F98288A76D000B58A5A /* LabWeek4App.swift in Sources */ = {isa = PBXBuildFile; fileRef = F6FE0F97288A76D000B58A5A /* LabWeek4App.swift */; };
		F6FE0F9A288A76D000B58A5A /* ContentView.swift in Sources */ = {isa = PBXBuildFile; fileRef = F6FE0F99288A76D000B58A5A /* ContentView.swift */; };
		F6FE0F9C288A76D200B58A5A /* Assets.xcassets in Resources */ = {isa = PBXBuildFile; fileRef = F6FE0F9B288A76D200B58A5A /* Assets.xcassets */; };
		F6FE0F9F288A76D200B58A5A /* Preview Assets.xcassets in Resources */ = {isa = PBXBuildFile; fileRef = F6FE0F9E288A76D200B58A5A /* Preview Assets.xcassets */; };
		F6FE0FA9288A76D200B58A5A /* LabWeek4Tests.swift in Sources */ = {isa = PBXBuildFile; fileRef = F6FE0FA8288A76D200B58A5A /* LabWeek4Tests.swift */; };
		F6FE0FB3288A76D200B58A5A /* LabWeek4UITests.swift in Sources */ = {isa = PBXBuildFile; fileRef = F6FE0FB2288A76D200B58A5A /* LabWeek4UITests.swift */; };
		F6FE0FB5288A76D200B58A5A /* LabWeek4UITestsLaunchTests.swift in Sources */ = {isa = PBXBuildFile; fileRef = F6FE0FB4288A76D200B58A5A /* LabWeek4UITestsLaunchTests.swift */; };
		F6FE0FC4288A788F00B58A5A /* CircleImage.swift in Sources */ = {isa = PBXBuildFile; fileRef = F6FE0FC3288A788F00B58A5A /* CircleImage.swift */; };
		F6FE0FC6288A7AD400B58A5A /* ColorConstants.swift in Sources */ = {isa = PBXBuildFile; fileRef = F6FE0FC5288A7AD400B58A5A /* ColorConstants.swift */; };
		F6FE0FC8288A7B5500B58A5A /* InfoView.swift in Sources */ = {isa = PBXBuildFile; fileRef = F6FE0FC7288A7B5500B58A5A /* InfoView.swift */; };
		F6FE0FCA288A7DD800B58A5A /* ContactCard.swift in Sources */ = {isa = PBXBuildFile; fileRef = F6FE0FC9288A7DD800B58A5A /* ContactCard.swift */; };
/* End PBXBuildFile section */

/* Begin PBXContainerItemProxy section */
		F6FE0FA5288A76D200B58A5A /* PBXContainerItemProxy */ = {
			isa = PBXContainerItemProxy;
			containerPortal = F6FE0F8C288A76D000B58A5A /* Project object */;
			proxyType = 1;
			remoteGlobalIDString = F6FE0F93288A76D000B58A5A;
			remoteInfo = LabWeek4;
		};
		F6FE0FAF288A76D200B58A5A /* PBXContainerItemProxy */ = {
			isa = PBXContainerItemProxy;
			containerPortal = F6FE0F8C288A76D000B58A5A /* Project object */;
			proxyType = 1;
			remoteGlobalIDString = F6FE0F93288A76D000B58A5A;
			remoteInfo = LabWeek4;
		};
/* End PBXContainerItemProxy section */

/* Begin PBXFileReference section */
		F6FE0F94288A76D000B58A5A /* LabWeek4.app */ = {isa = PBXFileReference; explicitFileType = wrapper.application; includeInIndex = 0; path = LabWeek4.app; sourceTree = BUILT_PRODUCTS_DIR; };
		F6FE0F97288A76D000B58A5A /* LabWeek4App.swift */ = {isa = PBXFileReference; lastKnownFileType = sourcecode.swift; path = LabWeek4App.swift; sourceTree = "<group>"; };
		F6FE0F99288A76D000B58A5A /* ContentView.swift */ = {isa = PBXFileReference; lastKnownFileType = sourcecode.swift; path = ContentView.swift; sourceTree = "<group>"; };
		F6FE0F9B288A76D200B58A5A /* Assets.xcassets */ = {isa = PBXFileReference; lastKnownFileType = folder.assetcatalog; path = Assets.xcassets; sourceTree = "<group>"; };
		F6FE0F9E288A76D200B58A5A /* Preview Assets.xcassets */ = {isa = PBXFileReference; lastKnownFileType = folder.assetcatalog; path = "Preview Assets.xcassets"; sourceTree = "<group>"; };
		F6FE0FA4288A76D200B58A5A /* LabWeek4Tests.xctest */ = {isa = PBXFileReference; explicitFileType = wrapper.cfbundle; includeInIndex = 0; path = LabWeek4Tests.xctest; sourceTree = BUILT_PRODUCTS_DIR; };
		F6FE0FA8288A76D200B58A5A /* LabWeek4Tests.swift */ = {isa = PBXFileReference; lastKnownFileType = sourcecode.swift; path = LabWeek4Tests.swift; sourceTree = "<group>"; };
		F6FE0FAE288A76D200B58A5A /* LabWeek4UITests.xctest */ = {isa = PBXFileReference; explicitFileType = wrapper.cfbundle; includeInIndex = 0; path = LabWeek4UITests.xctest; sourceTree = BUILT_PRODUCTS_DIR; };
		F6FE0FB2288A76D200B58A5A /* LabWeek4UITests.swift */ = {isa = PBXFileReference; lastKnownFileType = sourcecode.swift; path = LabWeek4UITests.swift; sourceTree = "<group>"; };
		F6FE0FB4288A76D200B58A5A /* LabWeek4UITestsLaunchTests.swift */ = {isa = PBXFileReference; lastKnownFileType = sourcecode.swift; path = LabWeek4UITestsLaunchTests.swift; sourceTree = "<group>"; };
		F6FE0FC3288A788F00B58A5A /* CircleImage.swift */ = {isa = PBXFileReference; lastKnownFileType = sourcecode.swift; path = CircleImage.swift; sourceTree = "<group>"; };
		F6FE0FC5288A7AD400B58A5A /* ColorConstants.swift */ = {isa = PBXFileReference; lastKnownFileType = sourcecode.swift; path = ColorConstants.swift; sourceTree = "<group>"; };
		F6FE0FC7288A7B5500B58A5A /* InfoView.swift */ = {isa = PBXFileReference; lastKnownFileType = sourcecode.swift; path = InfoView.swift; sourceTree = "<group>"; };
		F6FE0FC9288A7DD800B58A5A /* ContactCard.swift */ = {isa = PBXFileReference; lastKnownFileType = sourcecode.swift; path = ContactCard.swift; sourceTree = "<group>"; };
/* End PBXFileReference section */

/* Begin PBXFrameworksBuildPhase section */
		F6FE0F91288A76D000B58A5A /* Frameworks */ = {
			isa = PBXFrameworksBuildPhase;
			buildActionMask = 2147483647;
			files = (
			);
			runOnlyForDeploymentPostprocessing = 0;
		};
		F6FE0FA1288A76D200B58A5A /* Frameworks */ = {
			isa = PBXFrameworksBuildPhase;
			buildActionMask = 2147483647;
			files = (
			);
			runOnlyForDeploymentPostprocessing = 0;
		};
		F6FE0FAB288A76D200B58A5A /* Frameworks */ = {
			isa = PBXFrameworksBuildPhase;
			buildActionMask = 2147483647;
			files = (
			);
			runOnlyForDeploymentPostprocessing = 0;
		};
/* End PBXFrameworksBuildPhase section */

/* Begin PBXGroup section */
		F6FE0F8B288A76D000B58A5A = {
			isa = PBXGroup;
			children = (
				F6FE0F96288A76D000B58A5A /* LabWeek4 */,
				F6FE0FA7288A76D200B58A5A /* LabWeek4Tests */,
				F6FE0FB1288A76D200B58A5A /* LabWeek4UITests */,
				F6FE0F95288A76D000B58A5A /* Products */,
			);
			sourceTree = "<group>";
		};
		F6FE0F95288A76D000B58A5A /* Products */ = {
			isa = PBXGroup;
			children = (
				F6FE0F94288A76D000B58A5A /* LabWeek4.app */,
				F6FE0FA4288A76D200B58A5A /* LabWeek4Tests.xctest */,
				F6FE0FAE288A76D200B58A5A /* LabWeek4UITests.xctest */,
			);
			name = Products;
			sourceTree = "<group>";
		};
		F6FE0F96288A76D000B58A5A /* LabWeek4 */ = {
			isa = PBXGroup;
			children = (
				F6FE0F97288A76D000B58A5A /* LabWeek4App.swift */,
				F6FE0F99288A76D000B58A5A /* ContentView.swift */,
				F6FE0FC3288A788F00B58A5A /* CircleImage.swift */,
				F6FE0FC9288A7DD800B58A5A /* ContactCard.swift */,
				F6FE0FC5288A7AD400B58A5A /* ColorConstants.swift */,
				F6FE0FC7288A7B5500B58A5A /* InfoView.swift */,
				F6FE0F9B288A76D200B58A5A /* Assets.xcassets */,
				F6FE0F9D288A76D200B58A5A /* Preview Content */,
			);
			path = LabWeek4;
			sourceTree = "<group>";
		};
		F6FE0F9D288A76D200B58A5A /* Preview Content */ = {
			isa = PBXGroup;
			children = (
				F6FE0F9E288A76D200B58A5A /* Preview Assets.xcassets */,
			);
			path = "Preview Content";
			sourceTree = "<group>";
		};
		F6FE0FA7288A76D200B58A5A /* LabWeek4Tests */ = {
			isa = PBXGroup;
			children = (
				F6FE0FA8288A76D200B58A5A /* LabWeek4Tests.swift */,
			);
			path = LabWeek4Tests;
			sourceTree = "<group>";
		};
		F6FE0FB1288A76D200B58A5A /* LabWeek4UITests */ = {
			isa = PBXGroup;
			children = (
				F6FE0FB2288A76D200B58A5A /* LabWeek4UITests.swift */,
				F6FE0FB4288A76D200B58A5A /* LabWeek4UITestsLaunchTests.swift */,
			);
			path = LabWeek4UITests;
			sourceTree = "<group>";
		};
/* End PBXGroup section */

/* Begin PBXNativeTarget section */
		F6FE0F93288A76D000B58A5A /* LabWeek4 */ = {
			isa = PBXNativeTarget;
			buildConfigurationList = F6FE0FB8288A76D200B58A5A /* Build configuration list for PBXNativeTarget "LabWeek4" */;
			buildPhases = (
				F6FE0F90288A76D000B58A5A /* Sources */,
				F6FE0F91288A76D000B58A5A /* Frameworks */,
				F6FE0F92288A76D000B58A5A /* Resources */,
			);
			buildRules = (
			);
			dependencies = (
			);
			name = LabWeek4;
			productName = LabWeek4;
			productReference = F6FE0F94288A76D000B58A5A /* LabWeek4.app */;
			productType = "com.apple.product-type.application";
		};
		F6FE0FA3288A76D200B58A5A /* LabWeek4Tests */ = {
			isa = PBXNativeTarget;
			buildConfigurationList = F6FE0FBB288A76D200B58A5A /* Build configuration list for PBXNativeTarget "LabWeek4Tests" */;
			buildPhases = (
				F6FE0FA0288A76D200B58A5A /* Sources */,
				F6FE0FA1288A76D200B58A5A /* Frameworks */,
				F6FE0FA2288A76D200B58A5A /* Resources */,
			);
			buildRules = (
			);
			dependencies = (
				F6FE0FA6288A76D200B58A5A /* PBXTargetDependency */,
			);
			name = LabWeek4Tests;
			productName = LabWeek4Tests;
			productReference = F6FE0FA4288A76D200B58A5A /* LabWeek4Tests.xctest */;
			productType = "com.apple.product-type.bundle.unit-test";
		};
		F6FE0FAD288A76D200B58A5A /* LabWeek4UITests */ = {
			isa = PBXNativeTarget;
			buildConfigurationList = F6FE0FBE288A76D200B58A5A /* Build configuration list for PBXNativeTarget "LabWeek4UITests" */;
			buildPhases = (
				F6FE0FAA288A76D200B58A5A /* Sources */,
				F6FE0FAB288A76D200B58A5A /* Frameworks */,
				F6FE0FAC288A76D200B58A5A /* Resources */,
			);
			buildRules = (
			);
			dependencies = (
				F6FE0FB0288A76D200B58A5A /* PBXTargetDependency */,
			);
			name = LabWeek4UITests;
			productName = LabWeek4UITests;
			productReference = F6FE0FAE288A76D200B58A5A /* LabWeek4UITests.xctest */;
			productType = "com.apple.product-type.bundle.ui-testing";
		};
/* End PBXNativeTarget section */

/* Begin PBXProject section */
		F6FE0F8C288A76D000B58A5A /* Project object */ = {
			isa = PBXProject;
			attributes = {
				BuildIndependentTargetsInParallel = 1;
				LastSwiftUpdateCheck = 1340;
				LastUpgradeCheck = 1340;
				TargetAttributes = {
					F6FE0F93288A76D000B58A5A = {
						CreatedOnToolsVersion = 13.4.1;
					};
					F6FE0FA3288A76D200B58A5A = {
						CreatedOnToolsVersion = 13.4.1;
						TestTargetID = F6FE0F93288A76D000B58A5A;
					};
					F6FE0FAD288A76D200B58A5A = {
						CreatedOnToolsVersion = 13.4.1;
						TestTargetID = F6FE0F93288A76D000B58A5A;
					};
				};
			};
			buildConfigurationList = F6FE0F8F288A76D000B58A5A /* Build configuration list for PBXProject "LabWeek4" */;
			compatibilityVersion = "Xcode 13.0";
			developmentRegion = en;
			hasScannedForEncodings = 0;
			knownRegions = (
				en,
				Base,
			);
			mainGroup = F6FE0F8B288A76D000B58A5A;
			productRefGroup = F6FE0F95288A76D000B58A5A /* Products */;
			projectDirPath = "";
			projectRoot = "";
			targets = (
				F6FE0F93288A76D000B58A5A /* LabWeek4 */,
				F6FE0FA3288A76D200B58A5A /* LabWeek4Tests */,
				F6FE0FAD288A76D200B58A5A /* LabWeek4UITests */,
			);
		};
/* End PBXProject section */

/* Begin PBXResourcesBuildPhase section */
		F6FE0F92288A76D000B58A5A /* Resources */ = {
			isa = PBXResourcesBuildPhase;
			buildActionMask = 2147483647;
			files = (
				F6FE0F9F288A76D200B58A5A /* Preview Assets.xcassets in Resources */,
				F6FE0F9C288A76D200B58A5A /* Assets.xcassets in Resources */,
			);
			runOnlyForDeploymentPostprocessing = 0;
		};
		F6FE0FA2288A76D200B58A5A /* Resources */ = {
			isa = PBXResourcesBuildPhase;
			buildActionMask = 2147483647;
			files = (
			);
			runOnlyForDeploymentPostprocessing = 0;
		};
		F6FE0FAC288A76D200B58A5A /* Resources */ = {
			isa = PBXResourcesBuildPhase;
			buildActionMask = 2147483647;
			files = (
			);
			runOnlyForDeploymentPostprocessing = 0;
		};
/* End PBXResourcesBuildPhase section */

/* Begin PBXSourcesBuildPhase section */
		F6FE0F90288A76D000B58A5A /* Sources */ = {
			isa = PBXSourcesBuildPhase;
			buildActionMask = 2147483647;
			files = (
				F6FE0F9A288A76D000B58A5A /* ContentView.swift in Sources */,
				F6FE0F98288A76D000B58A5A /* LabWeek4App.swift in Sources */,
				F6FE0FCA288A7DD800B58A5A /* ContactCard.swift in Sources */,
				F6FE0FC4288A788F00B58A5A /* CircleImage.swift in Sources */,
				F6FE0FC8288A7B5500B58A5A /* InfoView.swift in Sources */,
				F6FE0FC6288A7AD400B58A5A /* ColorConstants.swift in Sources */,
			);
			runOnlyForDeploymentPostprocessing = 0;
		};
		F6FE0FA0288A76D200B58A5A /* Sources */ = {
			isa = PBXSourcesBuildPhase;
			buildActionMask = 2147483647;
			files = (
				F6FE0FA9288A76D200B58A5A /* LabWeek4Tests.swift in Sources */,
			);
			runOnlyForDeploymentPostprocessing = 0;
		};
		F6FE0FAA288A76D200B58A5A /* Sources */ = {
			isa = PBXSourcesBuildPhase;
			buildActionMask = 2147483647;
			files = (
				F6FE0FB5288A76D200B58A5A /* LabWeek4UITestsLaunchTests.swift in Sources */,
				F6FE0FB3288A76D200B58A5A /* LabWeek4UITests.swift in Sources */,
			);
			runOnlyForDeploymentPostprocessing = 0;
		};
/* End PBXSourcesBuildPhase section */

/* Begin PBXTargetDependency section */
		F6FE0FA6288A76D200B58A5A /* PBXTargetDependency */ = {
			isa = PBXTargetDependency;
			target = F6FE0F93288A76D000B58A5A /* LabWeek4 */;
			targetProxy = F6FE0FA5288A76D200B58A5A /* PBXContainerItemProxy */;
		};
		F6FE0FB0288A76D200B58A5A /* PBXTargetDependency */ = {
			isa = PBXTargetDependency;
			target = F6FE0F93288A76D000B58A5A /* LabWeek4 */;
			targetProxy = F6FE0FAF288A76D200B58A5A /* PBXContainerItemProxy */;
		};
/* End PBXTargetDependency section */

/* Begin XCBuildConfiguration section */
		F6FE0FB6288A76D200B58A5A /* Debug */ = {
			isa = XCBuildConfiguration;
			buildSettings = {
				ALWAYS_SEARCH_USER_PATHS = NO;
				CLANG_ANALYZER_NONNULL = YES;
				CLANG_ANALYZER_NUMBER_OBJECT_CONVERSION = YES_AGGRESSIVE;
				CLANG_CXX_LANGUAGE_STANDARD = "gnu++17";
				CLANG_ENABLE_MODULES = YES;
				CLANG_ENABLE_OBJC_ARC = YES;
				CLANG_ENABLE_OBJC_WEAK = YES;
				CLANG_WARN_BLOCK_CAPTURE_AUTORELEASING = YES;
				CLANG_WARN_BOOL_CONVERSION = YES;
				CLANG_WARN_COMMA = YES;
				CLANG_WARN_CONSTANT_CONVERSION = YES;
				CLANG_WARN_DEPRECATED_OBJC_IMPLEMENTATIONS = YES;
				CLANG_WARN_DIRECT_OBJC_ISA_USAGE = YES_ERROR;
				CLANG_WARN_DOCUMENTATION_COMMENTS = YES;
				CLANG_WARN_EMPTY_BODY = YES;
				CLANG_WARN_ENUM_CONVERSION = YES;
				CLANG_WARN_INFINITE_RECURSION = YES;
				CLANG_WARN_INT_CONVERSION = YES;
				CLANG_WARN_NON_LITERAL_NULL_CONVERSION = YES;
				CLANG_WARN_OBJC_IMPLICIT_RETAIN_SELF = YES;
				CLANG_WARN_OBJC_LITERAL_CONVERSION = YES;
				CLANG_WARN_OBJC_ROOT_CLASS = YES_ERROR;
				CLANG_WARN_QUOTED_INCLUDE_IN_FRAMEWORK_HEADER = YES;
				CLANG_WARN_RANGE_LOOP_ANALYSIS = YES;
				CLANG_WARN_STRICT_PROTOTYPES = YES;
				CLANG_WARN_SUSPICIOUS_MOVE = YES;
				CLANG_WARN_UNGUARDED_AVAILABILITY = YES_AGGRESSIVE;
				CLANG_WARN_UNREACHABLE_CODE = YES;
				CLANG_WARN__DUPLICATE_METHOD_MATCH = YES;
				COPY_PHASE_STRIP = NO;
				DEBUG_INFORMATION_FORMAT = dwarf;
				ENABLE_STRICT_OBJC_MSGSEND = YES;
				ENABLE_TESTABILITY = YES;
				GCC_C_LANGUAGE_STANDARD = gnu11;
				GCC_DYNAMIC_NO_PIC = NO;
				GCC_NO_COMMON_BLOCKS = YES;
				GCC_OPTIMIZATION_LEVEL = 0;
				GCC_PREPROCESSOR_DEFINITIONS = (
					"DEBUG=1",
					"$(inherited)",
				);
				GCC_WARN_64_TO_32_BIT_CONVERSION = YES;
				GCC_WARN_ABOUT_RETURN_TYPE = YES_ERROR;
				GCC_WARN_UNDECLARED_SELECTOR = YES;
				GCC_WARN_UNINITIALIZED_AUTOS = YES_AGGRESSIVE;
				GCC_WARN_UNUSED_FUNCTION = YES;
				GCC_WARN_UNUSED_VARIABLE = YES;
				IPHONEOS_DEPLOYMENT_TARGET = 15.5;
				MTL_ENABLE_DEBUG_INFO = INCLUDE_SOURCE;
				MTL_FAST_MATH = YES;
				ONLY_ACTIVE_ARCH = YES;
				SDKROOT = iphoneos;
				SWIFT_ACTIVE_COMPILATION_CONDITIONS = DEBUG;
				SWIFT_OPTIMIZATION_LEVEL = "-Onone";
			};
			name = Debug;
		};
		F6FE0FB7288A76D200B58A5A /* Release */ = {
			isa = XCBuildConfiguration;
			buildSettings = {
				ALWAYS_SEARCH_USER_PATHS = NO;
				CLANG_ANALYZER_NONNULL = YES;
				CLANG_ANALYZER_NUMBER_OBJECT_CONVERSION = YES_AGGRESSIVE;
				CLANG_CXX_LANGUAGE_STANDARD = "gnu++17";
				CLANG_ENABLE_MODULES = YES;
				CLANG_ENABLE_OBJC_ARC = YES;
				CLANG_ENABLE_OBJC_WEAK = YES;
				CLANG_WARN_BLOCK_CAPTURE_AUTORELEASING = YES;
				CLANG_WARN_BOOL_CONVERSION = YES;
				CLANG_WARN_COMMA = YES;
				CLANG_WARN_CONSTANT_CONVERSION = YES;
				CLANG_WARN_DEPRECATED_OBJC_IMPLEMENTATIONS = YES;
				CLANG_WARN_DIRECT_OBJC_ISA_USAGE = YES_ERROR;
				CLANG_WARN_DOCUMENTATION_COMMENTS = YES;
				CLANG_WARN_EMPTY_BODY = YES;
				CLANG_WARN_ENUM_CONVERSION = YES;
				CLANG_WARN_INFINITE_RECURSION = YES;
				CLANG_WARN_INT_CONVERSION = YES;
				CLANG_WARN_NON_LITERAL_NULL_CONVERSION = YES;
				CLANG_WARN_OBJC_IMPLICIT_RETAIN_SELF = YES;
				CLANG_WARN_OBJC_LITERAL_CONVERSION = YES;
				CLANG_WARN_OBJC_ROOT_CLASS = YES_ERROR;
				CLANG_WARN_QUOTED_INCLUDE_IN_FRAMEWORK_HEADER = YES;
				CLANG_WARN_RANGE_LOOP_ANALYSIS = YES;
				CLANG_WARN_STRICT_PROTOTYPES = YES;
				CLANG_WARN_SUSPICIOUS_MOVE = YES;
				CLANG_WARN_UNGUARDED_AVAILABILITY = YES_AGGRESSIVE;
				CLANG_WARN_UNREACHABLE_CODE = YES;
				CLANG_WARN__DUPLICATE_METHOD_MATCH = YES;
				COPY_PHASE_STRIP = NO;
				DEBUG_INFORMATION_FORMAT = "dwarf-with-dsym";
				ENABLE_NS_ASSERTIONS = NO;
				ENABLE_STRICT_OBJC_MSGSEND = YES;
				GCC_C_LANGUAGE_STANDARD = gnu11;
				GCC_NO_COMMON_BLOCKS = YES;
				GCC_WARN_64_TO_32_BIT_CONVERSION = YES;
				GCC_WARN_ABOUT_RETURN_TYPE = YES_ERROR;
				GCC_WARN_UNDECLARED_SELECTOR = YES;
				GCC_WARN_UNINITIALIZED_AUTOS = YES_AGGRESSIVE;
				GCC_WARN_UNUSED_FUNCTION = YES;
				GCC_WARN_UNUSED_VARIABLE = YES;
				IPHONEOS_DEPLOYMENT_TARGET = 15.5;
				MTL_ENABLE_DEBUG_INFO = NO;
				MTL_FAST_MATH = YES;
				SDKROOT = iphoneos;
				SWIFT_COMPILATION_MODE = wholemodule;
				SWIFT_OPTIMIZATION_LEVEL = "-O";
				VALIDATE_PRODUCT = YES;
			};
			name = Release;
		};
		F6FE0FB9288A76D200B58A5A /* Debug */ = {
			isa = XCBuildConfiguration;
			buildSettings = {
				ASSETCATALOG_COMPILER_APPICON_NAME = AppIcon;
				ASSETCATALOG_COMPILER_GLOBAL_ACCENT_COLOR_NAME = AccentColor;
				CODE_SIGN_STYLE = Automatic;
				CURRENT_PROJECT_VERSION = 1;
				DEVELOPMENT_ASSET_PATHS = "\"LabWeek4/Preview Content\"";
				ENABLE_PREVIEWS = YES;
				GENERATE_INFOPLIST_FILE = YES;
				INFOPLIST_KEY_UIApplicationSceneManifest_Generation = YES;
				INFOPLIST_KEY_UIApplicationSupportsIndirectInputEvents = YES;
				INFOPLIST_KEY_UILaunchScreen_Generation = YES;
				INFOPLIST_KEY_UISupportedInterfaceOrientations_iPad = "UIInterfaceOrientationPortrait UIInterfaceOrientationPortraitUpsideDown UIInterfaceOrientationLandscapeLeft UIInterfaceOrientationLandscapeRight";
				INFOPLIST_KEY_UISupportedInterfaceOrientations_iPhone = "UIInterfaceOrientationPortrait UIInterfaceOrientationLandscapeLeft UIInterfaceOrientationLandscapeRight";
				LD_RUNPATH_SEARCH_PATHS = (
					"$(inherited)",
					"@executable_path/Frameworks",
				);
				MARKETING_VERSION = 1.0;
				PRODUCT_BUNDLE_IDENTIFIER = ad.LabWeek4;
				PRODUCT_NAME = "$(TARGET_NAME)";
				SWIFT_EMIT_LOC_STRINGS = YES;
				SWIFT_VERSION = 5.0;
				TARGETED_DEVICE_FAMILY = "1,2";
			};
			name = Debug;
		};
		F6FE0FBA288A76D200B58A5A /* Release */ = {
			isa = XCBuildConfiguration;
			buildSettings = {
				ASSETCATALOG_COMPILER_APPICON_NAME = AppIcon;
				ASSETCATALOG_COMPILER_GLOBAL_ACCENT_COLOR_NAME = AccentColor;
				CODE_SIGN_STYLE = Automatic;
				CURRENT_PROJECT_VERSION = 1;
				DEVELOPMENT_ASSET_PATHS = "\"LabWeek4/Preview Content\"";
				ENABLE_PREVIEWS = YES;
				GENERATE_INFOPLIST_FILE = YES;
				INFOPLIST_KEY_UIApplicationSceneManifest_Generation = YES;
				INFOPLIST_KEY_UIApplicationSupportsIndirectInputEvents = YES;
				INFOPLIST_KEY_UILaunchScreen_Generation = YES;
				INFOPLIST_KEY_UISupportedInterfaceOrientations_iPad = "UIInterfaceOrientationPortrait UIInterfaceOrientationPortraitUpsideDown UIInterfaceOrientationLandscapeLeft UIInterfaceOrientationLandscapeRight";
				INFOPLIST_KEY_UISupportedInterfaceOrientations_iPhone = "UIInterfaceOrientationPortrait UIInterfaceOrientationLandscapeLeft UIInterfaceOrientationLandscapeRight";
				LD_RUNPATH_SEARCH_PATHS = (
					"$(inherited)",
					"@executable_path/Frameworks",
				);
				MARKETING_VERSION = 1.0;
				PRODUCT_BUNDLE_IDENTIFIER = ad.LabWeek4;
				PRODUCT_NAME = "$(TARGET_NAME)";
				SWIFT_EMIT_LOC_STRINGS = YES;
				SWIFT_VERSION = 5.0;
				TARGETED_DEVICE_FAMILY = "1,2";
			};
			name = Release;
		};
		F6FE0FBC288A76D200B58A5A /* Debug */ = {
			isa = XCBuildConfiguration;
			buildSettings = {
				ALWAYS_EMBED_SWIFT_STANDARD_LIBRARIES = YES;
				BUNDLE_LOADER = "$(TEST_HOST)";
				CODE_SIGN_STYLE = Automatic;
				CURRENT_PROJECT_VERSION = 1;
				GENERATE_INFOPLIST_FILE = YES;
				IPHONEOS_DEPLOYMENT_TARGET = 15.5;
				MARKETING_VERSION = 1.0;
				PRODUCT_BUNDLE_IDENTIFIER = ad.LabWeek4Tests;
				PRODUCT_NAME = "$(TARGET_NAME)";
				SWIFT_EMIT_LOC_STRINGS = NO;
				SWIFT_VERSION = 5.0;
				TARGETED_DEVICE_FAMILY = "1,2";
				TEST_HOST = "$(BUILT_PRODUCTS_DIR)/LabWeek4.app/LabWeek4";
			};
			name = Debug;
		};
		F6FE0FBD288A76D200B58A5A /* Release */ = {
			isa = XCBuildConfiguration;
			buildSettings = {
				ALWAYS_EMBED_SWIFT_STANDARD_LIBRARIES = YES;
				BUNDLE_LOADER = "$(TEST_HOST)";
				CODE_SIGN_STYLE = Automatic;
				CURRENT_PROJECT_VERSION = 1;
				GENERATE_INFOPLIST_FILE = YES;
				IPHONEOS_DEPLOYMENT_TARGET = 15.5;
				MARKETING_VERSION = 1.0;
				PRODUCT_BUNDLE_IDENTIFIER = ad.LabWeek4Tests;
				PRODUCT_NAME = "$(TARGET_NAME)";
				SWIFT_EMIT_LOC_STRINGS = NO;
				SWIFT_VERSION = 5.0;
				TARGETED_DEVICE_FAMILY = "1,2";
				TEST_HOST = "$(BUILT_PRODUCTS_DIR)/LabWeek4.app/LabWeek4";
			};
			name = Release;
		};
		F6FE0FBF288A76D200B58A5A /* Debug */ = {
			isa = XCBuildConfiguration;
			buildSettings = {
				ALWAYS_EMBED_SWIFT_STANDARD_LIBRARIES = YES;
				CODE_SIGN_STYLE = Automatic;
				CURRENT_PROJECT_VERSION = 1;
				GENERATE_INFOPLIST_FILE = YES;
				MARKETING_VERSION = 1.0;
				PRODUCT_BUNDLE_IDENTIFIER = ad.LabWeek4UITests;
				PRODUCT_NAME = "$(TARGET_NAME)";
				SWIFT_EMIT_LOC_STRINGS = NO;
				SWIFT_VERSION = 5.0;
				TARGETED_DEVICE_FAMILY = "1,2";
				TEST_TARGET_NAME = LabWeek4;
			};
			name = Debug;
		};
		F6FE0FC0288A76D200B58A5A /* Release */ = {
			isa = XCBuildConfiguration;
			buildSettings = {
				ALWAYS_EMBED_SWIFT_STANDARD_LIBRARIES = YES;
				CODE_SIGN_STYLE = Automatic;
				CURRENT_PROJECT_VERSION = 1;
				GENERATE_INFOPLIST_FILE = YES;
				MARKETING_VERSION = 1.0;
				PRODUCT_BUNDLE_IDENTIFIER = ad.LabWeek4UITests;
				PRODUCT_NAME = "$(TARGET_NAME)";
				SWIFT_EMIT_LOC_STRINGS = NO;
				SWIFT_VERSION = 5.0;
				TARGETED_DEVICE_FAMILY = "1,2";
				TEST_TARGET_NAME = LabWeek4;
			};
			name = Release;
		};
/* End XCBuildConfiguration section */

/* Begin XCConfigurationList section */
		F6FE0F8F288A76D000B58A5A /* Build configuration list for PBXProject "LabWeek4" */ = {
			isa = XCConfigurationList;
			buildConfigurations = (
				F6FE0FB6288A76D200B58A5A /* Debug */,
				F6FE0FB7288A76D200B58A5A /* Release */,
			);
			defaultConfigurationIsVisible = 0;
			defaultConfigurationName = Release;
		};
		F6FE0FB8288A76D200B58A5A /* Build configuration list for PBXNativeTarget "LabWeek4" */ = {
			isa = XCConfigurationList;
			buildConfigurations = (
				F6FE0FB9288A76D200B58A5A /* Debug */,
				F6FE0FBA288A76D200B58A5A /* Release */,
			);
			defaultConfigurationIsVisible = 0;
			defaultConfigurationName = Release;
		};
		F6FE0FBB288A76D200B58A5A /* Build configuration list for PBXNativeTarget "LabWeek4Tests" */ = {
			isa = XCConfigurationList;
			buildConfigurations = (
				F6FE0FBC288A76D200B58A5A /* Debug */,
				F6FE0FBD288A76D200B58A5A /* Release */,
			);
			defaultConfigurationIsVisible = 0;
			defaultConfigurationName = Release;
		};
		F6FE0FBE288A76D200B58A5A /* Build configuration list for PBXNativeTarget "LabWeek4UITests" */ = {
			isa = XCConfigurationList;
			buildConfigurations = (
				F6FE0FBF288A76D200B58A5A /* Debug */,
				F6FE0FC0288A76D200B58A5A /* Release */,
			);
			defaultConfigurationIsVisible = 0;
			defaultConfigurationName = Release;
		};
/* End XCConfigurationList section */
	};
	rootObject = F6FE0F8C288A76D000B58A5A /* Project object */;
}
